// !$*UTF8*$!
{
	archiveVersion = 1;
	classes = {
	};
	objectVersion = 50;
	objects = {

/* Begin PBXBuildFile section */
		780CBCE1274CEA0A00315B43 /* LoactionManager.swift in Sources */ = {isa = PBXBuildFile; fileRef = 780CBCE0274CEA0A00315B43 /* LoactionManager.swift */; };
		78129E3C2763A481008795F1 /* MapView.swift in Sources */ = {isa = PBXBuildFile; fileRef = 78129E3B2763A481008795F1 /* MapView.swift */; };
		7821AC20274CF9570031B0E9 /* Data.swift in Sources */ = {isa = PBXBuildFile; fileRef = 7821AC1F274CF9570031B0E9 /* Data.swift */; };
		78B9D3112760CA4A00A2A893 /* WorkoutDetails.swift in Sources */ = {isa = PBXBuildFile; fileRef = 78B9D3102760CA4A00A2A893 /* WorkoutDetails.swift */; };
		78CF9EE1275775B20072B51B /* WorkoutViewModel.swift in Sources */ = {isa = PBXBuildFile; fileRef = 78CF9EE0275775B20072B51B /* WorkoutViewModel.swift */; };
		78DCAC092743B0BC00D7769F /* WorkoutAppApp.swift in Sources */ = {isa = PBXBuildFile; fileRef = 78DCAC082743B0BC00D7769F /* WorkoutAppApp.swift */; };
		78DCAC0B2743B0BC00D7769F /* ContentView.swift in Sources */ = {isa = PBXBuildFile; fileRef = 78DCAC0A2743B0BC00D7769F /* ContentView.swift */; };
		78DCAC0D2743B0BE00D7769F /* Assets.xcassets in Resources */ = {isa = PBXBuildFile; fileRef = 78DCAC0C2743B0BE00D7769F /* Assets.xcassets */; };
		78DCAC102743B0BE00D7769F /* Preview Assets.xcassets in Resources */ = {isa = PBXBuildFile; fileRef = 78DCAC0F2743B0BE00D7769F /* Preview Assets.xcassets */; };
		78DCAC182743B0EC00D7769F /* AppTabsView.swift in Sources */ = {isa = PBXBuildFile; fileRef = 78DCAC172743B0EC00D7769F /* AppTabsView.swift */; };
		78DCAC1A2743B1E800D7769F /* TimerView.swift in Sources */ = {isa = PBXBuildFile; fileRef = 78DCAC192743B1E800D7769F /* TimerView.swift */; };
		78DCAC1C2743B1F300D7769F /* WorkoutView.swift in Sources */ = {isa = PBXBuildFile; fileRef = 78DCAC1B2743B1F300D7769F /* WorkoutView.swift */; };
		78DCAC1E2743B1FF00D7769F /* ProfileView.swift in Sources */ = {isa = PBXBuildFile; fileRef = 78DCAC1D2743B1FF00D7769F /* ProfileView.swift */; };
/* End PBXBuildFile section */

/* Begin PBXFileReference section */
		780CBCE0274CEA0A00315B43 /* LoactionManager.swift */ = {isa = PBXFileReference; lastKnownFileType = sourcecode.swift; path = LoactionManager.swift; sourceTree = "<group>"; };
		78129E3B2763A481008795F1 /* MapView.swift */ = {isa = PBXFileReference; lastKnownFileType = sourcecode.swift; path = MapView.swift; sourceTree = "<group>"; };
		7821AC1F274CF9570031B0E9 /* Data.swift */ = {isa = PBXFileReference; fileEncoding = 4; lastKnownFileType = sourcecode.swift; path = Data.swift; sourceTree = "<group>"; };
		78B9D3102760CA4A00A2A893 /* WorkoutDetails.swift */ = {isa = PBXFileReference; lastKnownFileType = sourcecode.swift; path = WorkoutDetails.swift; sourceTree = "<group>"; };
		78CF9EE0275775B20072B51B /* WorkoutViewModel.swift */ = {isa = PBXFileReference; lastKnownFileType = sourcecode.swift; path = WorkoutViewModel.swift; sourceTree = "<group>"; };
		78DCAC052743B0BC00D7769F /* WorkoutApp.app */ = {isa = PBXFileReference; explicitFileType = wrapper.application; includeInIndex = 0; path = WorkoutApp.app; sourceTree = BUILT_PRODUCTS_DIR; };
		78DCAC082743B0BC00D7769F /* WorkoutAppApp.swift */ = {isa = PBXFileReference; lastKnownFileType = sourcecode.swift; path = WorkoutAppApp.swift; sourceTree = "<group>"; };
		78DCAC0A2743B0BC00D7769F /* ContentView.swift */ = {isa = PBXFileReference; lastKnownFileType = sourcecode.swift; path = ContentView.swift; sourceTree = "<group>"; };
		78DCAC0C2743B0BE00D7769F /* Assets.xcassets */ = {isa = PBXFileReference; lastKnownFileType = folder.assetcatalog; path = Assets.xcassets; sourceTree = "<group>"; };
		78DCAC0F2743B0BE00D7769F /* Preview Assets.xcassets */ = {isa = PBXFileReference; lastKnownFileType = folder.assetcatalog; path = "Preview Assets.xcassets"; sourceTree = "<group>"; };
		78DCAC112743B0BE00D7769F /* Info.plist */ = {isa = PBXFileReference; lastKnownFileType = text.plist.xml; path = Info.plist; sourceTree = "<group>"; };
		78DCAC172743B0EC00D7769F /* AppTabsView.swift */ = {isa = PBXFileReference; lastKnownFileType = sourcecode.swift; path = AppTabsView.swift; sourceTree = "<group>"; };
		78DCAC192743B1E800D7769F /* TimerView.swift */ = {isa = PBXFileReference; lastKnownFileType = sourcecode.swift; path = TimerView.swift; sourceTree = "<group>"; };
		78DCAC1B2743B1F300D7769F /* WorkoutView.swift */ = {isa = PBXFileReference; lastKnownFileType = sourcecode.swift; path = WorkoutView.swift; sourceTree = "<group>"; };
		78DCAC1D2743B1FF00D7769F /* ProfileView.swift */ = {isa = PBXFileReference; lastKnownFileType = sourcecode.swift; path = ProfileView.swift; sourceTree = "<group>"; };
/* End PBXFileReference section */

/* Begin PBXFrameworksBuildPhase section */
		78DCAC022743B0BC00D7769F /* Frameworks */ = {
			isa = PBXFrameworksBuildPhase;
			buildActionMask = 2147483647;
			files = (
			);
			runOnlyForDeploymentPostprocessing = 0;
		};
/* End PBXFrameworksBuildPhase section */

/* Begin PBXGroup section */
		78DCABFC2743B0BC00D7769F = {
			isa = PBXGroup;
			children = (
				78DCAC072743B0BC00D7769F /* WorkoutApp */,
				78DCAC062743B0BC00D7769F /* Products */,
			);
			sourceTree = "<group>";
		};
		78DCAC062743B0BC00D7769F /* Products */ = {
			isa = PBXGroup;
			children = (
				78DCAC052743B0BC00D7769F /* WorkoutApp.app */,
			);
			name = Products;
			sourceTree = "<group>";
		};
		78DCAC072743B0BC00D7769F /* WorkoutApp */ = {
			isa = PBXGroup;
			children = (
				7821AC1F274CF9570031B0E9 /* Data.swift */,
				78DCAC082743B0BC00D7769F /* WorkoutAppApp.swift */,
				78DCAC0A2743B0BC00D7769F /* ContentView.swift */,
				78DCAC0C2743B0BE00D7769F /* Assets.xcassets */,
				78DCAC112743B0BE00D7769F /* Info.plist */,
				78DCAC0E2743B0BE00D7769F /* Preview Content */,
				78DCAC172743B0EC00D7769F /* AppTabsView.swift */,
				78DCAC192743B1E800D7769F /* TimerView.swift */,
				78DCAC1B2743B1F300D7769F /* WorkoutView.swift */,
				78B9D3102760CA4A00A2A893 /* WorkoutDetails.swift */,
				78DCAC1D2743B1FF00D7769F /* ProfileView.swift */,
				780CBCE0274CEA0A00315B43 /* LoactionManager.swift */,
				78CF9EE0275775B20072B51B /* WorkoutViewModel.swift */,
				78129E3B2763A481008795F1 /* MapView.swift */,
			);
			path = WorkoutApp;
			sourceTree = "<group>";
		};
		78DCAC0E2743B0BE00D7769F /* Preview Content */ = {
			isa = PBXGroup;
			children = (
				78DCAC0F2743B0BE00D7769F /* Preview Assets.xcassets */,
			);
			path = "Preview Content";
			sourceTree = "<group>";
		};
/* End PBXGroup section */

/* Begin PBXNativeTarget section */
		78DCAC042743B0BC00D7769F /* WorkoutApp */ = {
			isa = PBXNativeTarget;
			buildConfigurationList = 78DCAC142743B0BE00D7769F /* Build configuration list for PBXNativeTarget "WorkoutApp" */;
			buildPhases = (
				78DCAC012743B0BC00D7769F /* Sources */,
				78DCAC022743B0BC00D7769F /* Frameworks */,
				78DCAC032743B0BC00D7769F /* Resources */,
			);
			buildRules = (
			);
			dependencies = (
			);
			name = WorkoutApp;
			productName = WorkoutApp;
			productReference = 78DCAC052743B0BC00D7769F /* WorkoutApp.app */;
			productType = "com.apple.product-type.application";
		};
/* End PBXNativeTarget section */

/* Begin PBXProject section */
		78DCABFD2743B0BC00D7769F /* Project object */ = {
			isa = PBXProject;
			attributes = {
				LastSwiftUpdateCheck = 1250;
				LastUpgradeCheck = 1250;
				TargetAttributes = {
					78DCAC042743B0BC00D7769F = {
						CreatedOnToolsVersion = 12.5;
					};
				};
			};
			buildConfigurationList = 78DCAC002743B0BC00D7769F /* Build configuration list for PBXProject "WorkoutApp" */;
			compatibilityVersion = "Xcode 9.3";
			developmentRegion = en;
			hasScannedForEncodings = 0;
			knownRegions = (
				en,
				Base,
			);
			mainGroup = 78DCABFC2743B0BC00D7769F;
			productRefGroup = 78DCAC062743B0BC00D7769F /* Products */;
			projectDirPath = "";
			projectRoot = "";
			targets = (
				78DCAC042743B0BC00D7769F /* WorkoutApp */,
			);
		};
/* End PBXProject section */

/* Begin PBXResourcesBuildPhase section */
		78DCAC032743B0BC00D7769F /* Resources */ = {
			isa = PBXResourcesBuildPhase;
			buildActionMask = 2147483647;
			files = (
				78DCAC102743B0BE00D7769F /* Preview Assets.xcassets in Resources */,
				78DCAC0D2743B0BE00D7769F /* Assets.xcassets in Resources */,
			);
			runOnlyForDeploymentPostprocessing = 0;
		};
/* End PBXResourcesBuildPhase section */

/* Begin PBXSourcesBuildPhase section */
		78DCAC012743B0BC00D7769F /* Sources */ = {
			isa = PBXSourcesBuildPhase;
			buildActionMask = 2147483647;
			files = (
				78DCAC0B2743B0BC00D7769F /* ContentView.swift in Sources */,
				78CF9EE1275775B20072B51B /* WorkoutViewModel.swift in Sources */,
				78DCAC092743B0BC00D7769F /* WorkoutAppApp.swift in Sources */,
				78129E3C2763A481008795F1 /* MapView.swift in Sources */,
				78DCAC1A2743B1E800D7769F /* TimerView.swift in Sources */,
				78DCAC182743B0EC00D7769F /* AppTabsView.swift in Sources */,
				78DCAC1E2743B1FF00D7769F /* ProfileView.swift in Sources */,
				78DCAC1C2743B1F300D7769F /* WorkoutView.swift in Sources */,
				780CBCE1274CEA0A00315B43 /* LoactionManager.swift in Sources */,
				78B9D3112760CA4A00A2A893 /* WorkoutDetails.swift in Sources */,
				7821AC20274CF9570031B0E9 /* Data.swift in Sources */,
			);
			runOnlyForDeploymentPostprocessing = 0;
		};
/* End PBXSourcesBuildPhase section */

/* Begin XCBuildConfiguration section */
		78DCAC122743B0BE00D7769F /* Debug */ = {
			isa = XCBuildConfiguration;
			buildSettings = {
				ALWAYS_SEARCH_USER_PATHS = NO;
				CLANG_ANALYZER_NONNULL = YES;
				CLANG_ANALYZER_NUMBER_OBJECT_CONVERSION = YES_AGGRESSIVE;
				CLANG_CXX_LANGUAGE_STANDARD = "gnu++14";
				CLANG_CXX_LIBRARY = "libc++";
				CLANG_ENABLE_MODULES = YES;
				CLANG_ENABLE_OBJC_ARC = YES;
				CLANG_ENABLE_OBJC_WEAK = YES;
				CLANG_WARN_BLOCK_CAPTURE_AUTORELEASING = YES;
				CLANG_WARN_BOOL_CONVERSION = YES;
				CLANG_WARN_COMMA = YES;
				CLANG_WARN_CONSTANT_CONVERSION = YES;
				CLANG_WARN_DEPRECATED_OBJC_IMPLEMENTATIONS = YES;
				CLANG_WARN_DIRECT_OBJC_ISA_USAGE = YES_ERROR;
				CLANG_WARN_DOCUMENTATION_COMMENTS = YES;
				CLANG_WARN_EMPTY_BODY = YES;
				CLANG_WARN_ENUM_CONVERSION = YES;
				CLANG_WARN_INFINITE_RECURSION = YES;
				CLANG_WARN_INT_CONVERSION = YES;
				CLANG_WARN_NON_LITERAL_NULL_CONVERSION = YES;
				CLANG_WARN_OBJC_IMPLICIT_RETAIN_SELF = YES;
				CLANG_WARN_OBJC_LITERAL_CONVERSION = YES;
				CLANG_WARN_OBJC_ROOT_CLASS = YES_ERROR;
				CLANG_WARN_QUOTED_INCLUDE_IN_FRAMEWORK_HEADER = YES;
				CLANG_WARN_RANGE_LOOP_ANALYSIS = YES;
				CLANG_WARN_STRICT_PROTOTYPES = YES;
				CLANG_WARN_SUSPICIOUS_MOVE = YES;
				CLANG_WARN_UNGUARDED_AVAILABILITY = YES_AGGRESSIVE;
				CLANG_WARN_UNREACHABLE_CODE = YES;
				CLANG_WARN__DUPLICATE_METHOD_MATCH = YES;
				COPY_PHASE_STRIP = NO;
				DEBUG_INFORMATION_FORMAT = dwarf;
				ENABLE_STRICT_OBJC_MSGSEND = YES;
				ENABLE_TESTABILITY = YES;
				GCC_C_LANGUAGE_STANDARD = gnu11;
				GCC_DYNAMIC_NO_PIC = NO;
				GCC_NO_COMMON_BLOCKS = YES;
				GCC_OPTIMIZATION_LEVEL = 0;
				GCC_PREPROCESSOR_DEFINITIONS = (
					"DEBUG=1",
					"$(inherited)",
				);
				GCC_WARN_64_TO_32_BIT_CONVERSION = YES;
				GCC_WARN_ABOUT_RETURN_TYPE = YES_ERROR;
				GCC_WARN_UNDECLARED_SELECTOR = YES;
				GCC_WARN_UNINITIALIZED_AUTOS = YES_AGGRESSIVE;
				GCC_WARN_UNUSED_FUNCTION = YES;
				GCC_WARN_UNUSED_VARIABLE = YES;
				IPHONEOS_DEPLOYMENT_TARGET = 14.5;
				MTL_ENABLE_DEBUG_INFO = INCLUDE_SOURCE;
				MTL_FAST_MATH = YES;
				ONLY_ACTIVE_ARCH = YES;
				SDKROOT = iphoneos;
				SWIFT_ACTIVE_COMPILATION_CONDITIONS = DEBUG;
				SWIFT_OPTIMIZATION_LEVEL = "-Onone";
			};
			name = Debug;
		};
		78DCAC132743B0BE00D7769F /* Release */ = {
			isa = XCBuildConfiguration;
			buildSettings = {
				ALWAYS_SEARCH_USER_PATHS = NO;
				CLANG_ANALYZER_NONNULL = YES;
				CLANG_ANALYZER_NUMBER_OBJECT_CONVERSION = YES_AGGRESSIVE;
				CLANG_CXX_LANGUAGE_STANDARD = "gnu++14";
				CLANG_CXX_LIBRARY = "libc++";
				CLANG_ENABLE_MODULES = YES;
				CLANG_ENABLE_OBJC_ARC = YES;
				CLANG_ENABLE_OBJC_WEAK = YES;
				CLANG_WARN_BLOCK_CAPTURE_AUTORELEASING = YES;
				CLANG_WARN_BOOL_CONVERSION = YES;
				CLANG_WARN_COMMA = YES;
				CLANG_WARN_CONSTANT_CONVERSION = YES;
				CLANG_WARN_DEPRECATED_OBJC_IMPLEMENTATIONS = YES;
				CLANG_WARN_DIRECT_OBJC_ISA_USAGE = YES_ERROR;
				CLANG_WARN_DOCUMENTATION_COMMENTS = YES;
				CLANG_WARN_EMPTY_BODY = YES;
				CLANG_WARN_ENUM_CONVERSION = YES;
				CLANG_WARN_INFINITE_RECURSION = YES;
				CLANG_WARN_INT_CONVERSION = YES;
				CLANG_WARN_NON_LITERAL_NULL_CONVERSION = YES;
				CLANG_WARN_OBJC_IMPLICIT_RETAIN_SELF = YES;
				CLANG_WARN_OBJC_LITERAL_CONVERSION = YES;
				CLANG_WARN_OBJC_ROOT_CLASS = YES_ERROR;
				CLANG_WARN_QUOTED_INCLUDE_IN_FRAMEWORK_HEADER = YES;
				CLANG_WARN_RANGE_LOOP_ANALYSIS = YES;
				CLANG_WARN_STRICT_PROTOTYPES = YES;
				CLANG_WARN_SUSPICIOUS_MOVE = YES;
				CLANG_WARN_UNGUARDED_AVAILABILITY = YES_AGGRESSIVE;
				CLANG_WARN_UNREACHABLE_CODE = YES;
				CLANG_WARN__DUPLICATE_METHOD_MATCH = YES;
				COPY_PHASE_STRIP = NO;
				DEBUG_INFORMATION_FORMAT = "dwarf-with-dsym";
				ENABLE_NS_ASSERTIONS = NO;
				ENABLE_STRICT_OBJC_MSGSEND = YES;
				GCC_C_LANGUAGE_STANDARD = gnu11;
				GCC_NO_COMMON_BLOCKS = YES;
				GCC_WARN_64_TO_32_BIT_CONVERSION = YES;
				GCC_WARN_ABOUT_RETURN_TYPE = YES_ERROR;
				GCC_WARN_UNDECLARED_SELECTOR = YES;
				GCC_WARN_UNINITIALIZED_AUTOS = YES_AGGRESSIVE;
				GCC_WARN_UNUSED_FUNCTION = YES;
				GCC_WARN_UNUSED_VARIABLE = YES;
				IPHONEOS_DEPLOYMENT_TARGET = 14.5;
				MTL_ENABLE_DEBUG_INFO = NO;
				MTL_FAST_MATH = YES;
				SDKROOT = iphoneos;
				SWIFT_COMPILATION_MODE = wholemodule;
				SWIFT_OPTIMIZATION_LEVEL = "-O";
				VALIDATE_PRODUCT = YES;
			};
			name = Release;
		};
		78DCAC152743B0BE00D7769F /* Debug */ = {
			isa = XCBuildConfiguration;
			buildSettings = {
				ASSETCATALOG_COMPILER_APPICON_NAME = AppIcon;
				ASSETCATALOG_COMPILER_GLOBAL_ACCENT_COLOR_NAME = AccentColor;
				CODE_SIGN_STYLE = Automatic;
				DEVELOPMENT_ASSET_PATHS = "\"WorkoutApp/Preview Content\"";
				ENABLE_PREVIEWS = YES;
				INFOPLIST_FILE = WorkoutApp/Info.plist;
				IPHONEOS_DEPLOYMENT_TARGET = 14.0;
				LD_RUNPATH_SEARCH_PATHS = (
					"$(inherited)",
					"@executable_path/Frameworks",
				);
				PRODUCT_BUNDLE_IDENTIFIER = "fr-test.WorkoutApp";
				PRODUCT_NAME = "$(TARGET_NAME)";
				SWIFT_VERSION = 5.0;
				TARGETED_DEVICE_FAMILY = "1,2";
			};
			name = Debug;
		};
		78DCAC162743B0BE00D7769F /* Release */ = {
			isa = XCBuildConfiguration;
			buildSettings = {
				ASSETCATALOG_COMPILER_APPICON_NAME = AppIcon;
				ASSETCATALOG_COMPILER_GLOBAL_ACCENT_COLOR_NAME = AccentColor;
				CODE_SIGN_STYLE = Automatic;
				DEVELOPMENT_ASSET_PATHS = "\"WorkoutApp/Preview Content\"";
				ENABLE_PREVIEWS = YES;
				INFOPLIST_FILE = WorkoutApp/Info.plist;
				IPHONEOS_DEPLOYMENT_TARGET = 14.0;
				LD_RUNPATH_SEARCH_PATHS = (
					"$(inherited)",
					"@executable_path/Frameworks",
				);
				PRODUCT_BUNDLE_IDENTIFIER = "fr-test.WorkoutApp";
				PRODUCT_NAME = "$(TARGET_NAME)";
				SWIFT_VERSION = 5.0;
				TARGETED_DEVICE_FAMILY = "1,2";
			};
			name = Release;
		};
/* End XCBuildConfiguration section */

/* Begin XCConfigurationList section */
		78DCAC002743B0BC00D7769F /* Build configuration list for PBXProject "WorkoutApp" */ = {
			isa = XCConfigurationList;
			buildConfigurations = (
				78DCAC122743B0BE00D7769F /* Debug */,
				78DCAC132743B0BE00D7769F /* Release */,
			);
			defaultConfigurationIsVisible = 0;
			defaultConfigurationName = Release;
		};
		78DCAC142743B0BE00D7769F /* Build configuration list for PBXNativeTarget "WorkoutApp" */ = {
			isa = XCConfigurationList;
			buildConfigurations = (
				78DCAC152743B0BE00D7769F /* Debug */,
				78DCAC162743B0BE00D7769F /* Release */,
			);
			defaultConfigurationIsVisible = 0;
			defaultConfigurationName = Release;
		};
/* End XCConfigurationList section */
	};
	rootObject = 78DCABFD2743B0BC00D7769F /* Project object */;
}
